
Microsoft Visual Studio Solution File, Format Version 12.00
# Visual Studio Version 17
VisualStudioVersion = 17.14.36310.24
MinimumVisualStudioVersion = 10.0.40219.1
Project("{8BC9CEB8-8B4A-11D0-8D11-00A0C91BC942}") = "DUBUTest", "DUBUTest\DUBUTest.vcxproj", "{9DD9666A-F70A-45B5-96C8-C5444A4D1891}"
EndProject
Project("{8BC9CEB8-8B4A-11D0-8D11-00A0C91BC942}") = "DUBUFrameWork", "DUBUFrameWork\DUBUFrameWork.vcxproj", "{8D7C0CCA-73D2-4043-9303-E315BF28FA4F}"
EndProject
Project("{8BC9CEB8-8B4A-11D0-8D11-00A0C91BC942}") = "DUBUMain", "DUBUMain\DUBUMain.vcxproj", "{2B87FBF7-DED9-4545-8EF3-F008E81597BD}"
EndProject
Project("{2150E333-8FDC-42A3-9474-1A3956D46DE8}") = "Solution Items", "Solution Items", "{C8D5274F-AC00-46C7-1F8D-E88E81087A52}"
	ProjectSection(SolutionItems) = preProject
		.editorconfig = .editorconfig
	EndProjectSection
EndProject
Project("{8BC9CEB8-8B4A-11D0-8D11-00A0C91BC942}") = "DUBUEchoServer", "DUBUEchoServer\DUBUEchoServer.vcxproj", "{FD7F85D0-BAD6-406A-B303-B1A903CB4286}"
EndProject
Project("{8BC9CEB8-8B4A-11D0-8D11-00A0C91BC942}") = "DUBUEchoClient", "DUBUEchoClient\DUBUEchoClient.vcxproj", "{166F70DB-8413-4DEC-88CE-54A2095659D4}"
EndProject
Project("{2150E333-8FDC-42A3-9474-1A3956D46DE8}") = "Extra", "Extra", "{9BD209FF-F997-49E7-9266-8D2CBA48F204}"
	ProjectSection(SolutionItems) = preProject
		extra\dubu_echo_packet.fbs = extra\dubu_echo_packet.fbs
	EndProjectSection
EndProject
Global
	GlobalSection(SolutionConfigurationPlatforms) = preSolution
		Debug|x64 = Debug|x64
		Debug|x86 = Debug|x86
		Release|x64 = Release|x64
		Release|x86 = Release|x86
	EndGlobalSection
	GlobalSection(ProjectConfigurationPlatforms) = postSolution
		{9DD9666A-F70A-45B5-96C8-C5444A4D1891}.Debug|x64.ActiveCfg = Debug|x64
		{9DD9666A-F70A-45B5-96C8-C5444A4D1891}.Debug|x64.Build.0 = Debug|x64
		{9DD9666A-F70A-45B5-96C8-C5444A4D1891}.Debug|x86.ActiveCfg = Debug|Win32
		{9DD9666A-F70A-45B5-96C8-C5444A4D1891}.Debug|x86.Build.0 = Debug|Win32
		{9DD9666A-F70A-45B5-96C8-C5444A4D1891}.Release|x64.ActiveCfg = Release|x64
		{9DD9666A-F70A-45B5-96C8-C5444A4D1891}.Release|x64.Build.0 = Release|x64
		{9DD9666A-F70A-45B5-96C8-C5444A4D1891}.Release|x86.ActiveCfg = Release|Win32
		{9DD9666A-F70A-45B5-96C8-C5444A4D1891}.Release|x86.Build.0 = Release|Win32
		{8D7C0CCA-73D2-4043-9303-E315BF28FA4F}.Debug|x64.ActiveCfg = Debug|x64
		{8D7C0CCA-73D2-4043-9303-E315BF28FA4F}.Debug|x64.Build.0 = Debug|x64
		{8D7C0CCA-73D2-4043-9303-E315BF28FA4F}.Debug|x86.ActiveCfg = Debug|Win32
		{8D7C0CCA-73D2-4043-9303-E315BF28FA4F}.Debug|x86.Build.0 = Debug|Win32
		{8D7C0CCA-73D2-4043-9303-E315BF28FA4F}.Release|x64.ActiveCfg = Release|x64
		{8D7C0CCA-73D2-4043-9303-E315BF28FA4F}.Release|x64.Build.0 = Release|x64
		{8D7C0CCA-73D2-4043-9303-E315BF28FA4F}.Release|x86.ActiveCfg = Release|Win32
		{8D7C0CCA-73D2-4043-9303-E315BF28FA4F}.Release|x86.Build.0 = Release|Win32
		{2B87FBF7-DED9-4545-8EF3-F008E81597BD}.Debug|x64.ActiveCfg = Debug|x64
		{2B87FBF7-DED9-4545-8EF3-F008E81597BD}.Debug|x64.Build.0 = Debug|x64
		{2B87FBF7-DED9-4545-8EF3-F008E81597BD}.Debug|x86.ActiveCfg = Debug|Win32
		{2B87FBF7-DED9-4545-8EF3-F008E81597BD}.Debug|x86.Build.0 = Debug|Win32
		{2B87FBF7-DED9-4545-8EF3-F008E81597BD}.Release|x64.ActiveCfg = Release|x64
		{2B87FBF7-DED9-4545-8EF3-F008E81597BD}.Release|x64.Build.0 = Release|x64
		{2B87FBF7-DED9-4545-8EF3-F008E81597BD}.Release|x86.ActiveCfg = Release|Win32
		{2B87FBF7-DED9-4545-8EF3-F008E81597BD}.Release|x86.Build.0 = Release|Win32
		{FD7F85D0-BAD6-406A-B303-B1A903CB4286}.Debug|x64.ActiveCfg = Debug|x64
		{FD7F85D0-BAD6-406A-B303-B1A903CB4286}.Debug|x64.Build.0 = Debug|x64
		{FD7F85D0-BAD6-406A-B303-B1A903CB4286}.Debug|x86.ActiveCfg = Debug|Win32
		{FD7F85D0-BAD6-406A-B303-B1A903CB4286}.Debug|x86.Build.0 = Debug|Win32
		{FD7F85D0-BAD6-406A-B303-B1A903CB4286}.Release|x64.ActiveCfg = Release|x64
		{FD7F85D0-BAD6-406A-B303-B1A903CB4286}.Release|x64.Build.0 = Release|x64
		{FD7F85D0-BAD6-406A-B303-B1A903CB4286}.Release|x86.ActiveCfg = Release|Win32
		{FD7F85D0-BAD6-406A-B303-B1A903CB4286}.Release|x86.Build.0 = Release|Win32
		{166F70DB-8413-4DEC-88CE-54A2095659D4}.Debug|x64.ActiveCfg = Debug|x64
		{166F70DB-8413-4DEC-88CE-54A2095659D4}.Debug|x64.Build.0 = Debug|x64
		{166F70DB-8413-4DEC-88CE-54A2095659D4}.Debug|x86.ActiveCfg = Debug|Win32
		{166F70DB-8413-4DEC-88CE-54A2095659D4}.Debug|x86.Build.0 = Debug|Win32
		{166F70DB-8413-4DEC-88CE-54A2095659D4}.Release|x64.ActiveCfg = Release|x64
		{166F70DB-8413-4DEC-88CE-54A2095659D4}.Release|x64.Build.0 = Release|x64
		{166F70DB-8413-4DEC-88CE-54A2095659D4}.Release|x86.ActiveCfg = Release|Win32
		{166F70DB-8413-4DEC-88CE-54A2095659D4}.Release|x86.Build.0 = Release|Win32
	EndGlobalSection
	GlobalSection(SolutionProperties) = preSolution
		HideSolutionNode = FALSE
	EndGlobalSection
	GlobalSection(ExtensibilityGlobals) = postSolution
		SolutionGuid = {573CC747-67CE-4B5E-BF00-EAB57817CB16}
	EndGlobalSection
EndGlobal
