<?xml version="1.0" encoding="utf-8"?>
<Project ToolsVersion="4.0" xmlns="http://schemas.microsoft.com/developer/msbuild/2003">
  <ItemGroup>
    <ClCompile Include="main.cpp" />
    <ClCompile Include="GatewayServer.cpp">
      <Filter>Gateway</Filter>
    </ClCompile>
    <ClCompile Include="GatewaySession.cpp">
      <Filter>Gateway</Filter>
    </ClCompile>
    <ClCompile Include="GatewaySessionHandler.cpp" />
  </ItemGroup>
  <ItemGroup>
    <ClInclude Include="GatewaySession.h">
      <Filter>Gateway</Filter>
    </ClInclude>
    <ClInclude Include="GatewayServer.h">
      <Filter>Gateway</Filter>
    </ClInclude>
    <ClInclude Include="GatewaySessionHandler.h" />
  </ItemGroup>
  <ItemGroup>
    <Filter Include="Gateway">
      <UniqueIdentifier>{d7b049d2-612f-4867-a8ce-262850f7c02e}</UniqueIdentifier>
    </Filter>
  </ItemGroup>
</Project>