<?xml version="1.0" encoding="utf-8"?>
<Project ToolsVersion="4.0" xmlns="http://schemas.microsoft.com/developer/msbuild/2003">
  <ItemGroup>
    <Filter Include="MemoryPool">
      <UniqueIdentifier>{933b6d80-c0b4-4dae-ba48-acef99ad70cd}</UniqueIdentifier>
    </Filter>
    <Filter Include="Singleton">
      <UniqueIdentifier>{7f11627a-a777-48aa-acdd-3b67072997c9}</UniqueIdentifier>
    </Filter>
    <Filter Include="Packet">
      <UniqueIdentifier>{9f4d7d26-4610-49b1-9745-16d766ab7530}</UniqueIdentifier>
    </Filter>
    <Filter Include="Lock">
      <UniqueIdentifier>{cad7f101-521d-4f20-987a-56ddf707864f}</UniqueIdentifier>
    </Filter>
    <Filter Include="pch">
      <UniqueIdentifier>{749d6a85-4f47-4575-9601-519556a66170}</UniqueIdentifier>
    </Filter>
    <Filter Include="Concurrent">
      <UniqueIdentifier>{47e816e6-d188-4240-8911-c278a5a46b55}</UniqueIdentifier>
    </Filter>
  </ItemGroup>
  <ItemGroup>
    <ClInclude Include="Pool.h">
      <Filter>MemoryPool</Filter>
    </ClInclude>
    <ClInclude Include="Singleton.h">
      <Filter>Singleton</Filter>
    </ClInclude>
    <ClInclude Include="Packet.h">
      <Filter>Packet</Filter>
    </ClInclude>
    <ClInclude Include="RWLock.h">
      <Filter>Lock</Filter>
    </ClInclude>
    <ClInclude Include="pch.h">
      <Filter>pch</Filter>
    </ClInclude>
    <ClInclude Include="ConCurrentQueue.h">
      <Filter>Concurrent</Filter>
    </ClInclude>
  </ItemGroup>
  <ItemGroup>
    <ClCompile Include="Pool.cpp">
      <Filter>MemoryPool</Filter>
    </ClCompile>
    <ClCompile Include="Singleton.cpp">
      <Filter>Singleton</Filter>
    </ClCompile>
    <ClCompile Include="Packet.cpp">
      <Filter>Packet</Filter>
    </ClCompile>
    <ClCompile Include="RWLock.cpp">
      <Filter>Lock</Filter>
    </ClCompile>
    <ClCompile Include="pch.cpp">
      <Filter>pch</Filter>
    </ClCompile>
    <ClCompile Include="ConCurrentQueue.cpp">
      <Filter>Concurrent</Filter>
    </ClCompile>
  </ItemGroup>
</Project>