<?xml version="1.0" encoding="utf-8"?>
<Project ToolsVersion="4.0" xmlns="http://schemas.microsoft.com/developer/msbuild/2003">
  <ItemGroup>
    <Filter Include="MemoryPool">
      <UniqueIdentifier>{933b6d80-c0b4-4dae-ba48-acef99ad70cd}</UniqueIdentifier>
    </Filter>
    <Filter Include="Singleton">
      <UniqueIdentifier>{7f11627a-a777-48aa-acdd-3b67072997c9}</UniqueIdentifier>
    </Filter>
    <Filter Include="Packet">
      <UniqueIdentifier>{9f4d7d26-4610-49b1-9745-16d766ab7530}</UniqueIdentifier>
    </Filter>
    <Filter Include="Lock">
      <UniqueIdentifier>{cad7f101-521d-4f20-987a-56ddf707864f}</UniqueIdentifier>
    </Filter>
    <Filter Include="pch">
      <UniqueIdentifier>{749d6a85-4f47-4575-9601-519556a66170}</UniqueIdentifier>
    </Filter>
    <Filter Include="Service">
      <UniqueIdentifier>{ca90d51e-e8e9-4ff2-afa8-b45a2395a3af}</UniqueIdentifier>
    </Filter>
    <Filter Include="Service\RUDP">
      <UniqueIdentifier>{a20eb344-59a3-42cf-b70b-d758c7d39fba}</UniqueIdentifier>
    </Filter>
    <Filter Include="Service\Socket">
      <UniqueIdentifier>{ac9be315-a4ef-477d-8490-dacca40f74d7}</UniqueIdentifier>
    </Filter>
    <Filter Include="DataStruct">
      <UniqueIdentifier>{8a413c65-5493-4ce1-8000-36945295403f}</UniqueIdentifier>
    </Filter>
    <Filter Include="Service\Server">
      <UniqueIdentifier>{3ec447d1-2a4d-4eb5-a3d1-c7e980bcafa6}</UniqueIdentifier>
    </Filter>
    <Filter Include="Service\Client">
      <UniqueIdentifier>{1f277855-7adf-4d12-aa34-1091b47e98eb}</UniqueIdentifier>
    </Filter>
    <Filter Include="DataStruct\DS">
      <UniqueIdentifier>{47e816e6-d188-4240-8911-c278a5a46b55}</UniqueIdentifier>
    </Filter>
  </ItemGroup>
  <ItemGroup>
    <ClInclude Include="Pool.h">
      <Filter>MemoryPool</Filter>
    </ClInclude>
    <ClInclude Include="Singleton.h">
      <Filter>Singleton</Filter>
    </ClInclude>
    <ClInclude Include="Packet.h">
      <Filter>Packet</Filter>
    </ClInclude>
    <ClInclude Include="RWLock.h">
      <Filter>Lock</Filter>
    </ClInclude>
    <ClInclude Include="pch.h">
      <Filter>pch</Filter>
    </ClInclude>
    <ClInclude Include="ConcurrentQueue.h">
      <Filter>DataStruct\DS</Filter>
    </ClInclude>
    <ClInclude Include="RUDPSocket.h">
      <Filter>Service\RUDP</Filter>
    </ClInclude>
    <ClInclude Include="SocketConfig.h">
      <Filter>Service\Socket</Filter>
    </ClInclude>
    <ClInclude Include="Types.h">
      <Filter>DataStruct</Filter>
    </ClInclude>
    <ClInclude Include="BufferManager.h">
      <Filter>DataStruct</Filter>
    </ClInclude>
    <ClInclude Include="OverlappedObj.h">
      <Filter>Packet</Filter>
    </ClInclude>
    <ClInclude Include="Server.h">
      <Filter>Service\Server</Filter>
    </ClInclude>
    <ClInclude Include="Session.h">
      <Filter>Service\Server</Filter>
    </ClInclude>
    <ClInclude Include="SessionManager.h">
      <Filter>Service\Server</Filter>
    </ClInclude>
    <ClInclude Include="Client.h">
      <Filter>Service\Client</Filter>
    </ClInclude>
    <ClInclude Include="RingBuffer.h">
      <Filter>DataStruct\DS</Filter>
    </ClInclude>
  </ItemGroup>
  <ItemGroup>
    <ClCompile Include="Pool.cpp">
      <Filter>MemoryPool</Filter>
    </ClCompile>
    <ClCompile Include="Singleton.cpp">
      <Filter>Singleton</Filter>
    </ClCompile>
    <ClCompile Include="Packet.cpp">
      <Filter>Packet</Filter>
    </ClCompile>
    <ClCompile Include="RWLock.cpp">
      <Filter>Lock</Filter>
    </ClCompile>
    <ClCompile Include="pch.cpp">
      <Filter>pch</Filter>
    </ClCompile>
    <ClCompile Include="ConcurrentQueue.cpp">
      <Filter>DataStruct\DS</Filter>
    </ClCompile>
    <ClCompile Include="RUDPSocket.cpp">
      <Filter>Service\RUDP</Filter>
    </ClCompile>
    <ClCompile Include="SocketConfig.cpp">
      <Filter>Service\Socket</Filter>
    </ClCompile>
    <ClCompile Include="BufferManager.cpp">
      <Filter>DataStruct</Filter>
    </ClCompile>
    <ClCompile Include="OverlappedObj.cpp">
      <Filter>Packet</Filter>
    </ClCompile>
    <ClCompile Include="Server.cpp">
      <Filter>Service\Server</Filter>
    </ClCompile>
    <ClCompile Include="Session.cpp">
      <Filter>Service\Server</Filter>
    </ClCompile>
    <ClCompile Include="SessionManager.cpp">
      <Filter>Service\Server</Filter>
    </ClCompile>
    <ClCompile Include="Client.cpp">
      <Filter>Service\Client</Filter>
    </ClCompile>
    <ClCompile Include="RingBuffer.cpp">
      <Filter>DataStruct\DS</Filter>
    </ClCompile>
  </ItemGroup>
</Project>